
Microsoft Visual Studio Solution File, Format Version 12.00
# Visual Studio Version 17
VisualStudioVersion = 17.3.32901.215
MinimumVisualStudioVersion = 10.0.40219.1
Project("{FAE04EC0-301F-11D3-BF4B-00C04F79EFBC}") = "factorial", "factorial.csproj", "{38A83E2E-6B7D-4986-AD80-469B4550656E}"
EndProject
Global
	GlobalSection(SolutionConfigurationPlatforms) = preSolution
		Debug|Any CPU = Debug|Any CPU
		Release|Any CPU = Release|Any CPU
	EndGlobalSection
	GlobalSection(ProjectConfigurationPlatforms) = postSolution
		{38A83E2E-6B7D-4986-AD80-469B4550656E}.Debug|Any CPU.ActiveCfg = Debug|Any CPU
		{38A83E2E-6B7D-4986-AD80-469B4550656E}.Debug|Any CPU.Build.0 = Debug|Any CPU
		{38A83E2E-6B7D-4986-AD80-469B4550656E}.Release|Any CPU.ActiveCfg = Release|Any CPU
		{38A83E2E-6B7D-4986-AD80-469B4550656E}.Release|Any CPU.Build.0 = Release|Any CPU
	EndGlobalSection
	GlobalSection(SolutionProperties) = preSolution
		HideSolutionNode = FALSE
	EndGlobalSection
	GlobalSection(ExtensibilityGlobals) = postSolution
		SolutionGuid = {17A3A5B6-3343-4953-AD5E-64D2394AF39B}
	EndGlobalSection
EndGlobal
