
Microsoft Visual Studio Solution File, Format Version 12.00
# Visual Studio Version 17
VisualStudioVersion = 17.3.32901.215
MinimumVisualStudioVersion = 10.0.40219.1
Project("{FAE04EC0-301F-11D3-BF4B-00C04F79EFBC}") = "empclass", "empclass.csproj", "{80EB141A-D8B1-4188-BF92-4EA217811EA1}"
EndProject
Global
	GlobalSection(SolutionConfigurationPlatforms) = preSolution
		Debug|Any CPU = Debug|Any CPU
		Release|Any CPU = Release|Any CPU
	EndGlobalSection
	GlobalSection(ProjectConfigurationPlatforms) = postSolution
		{80EB141A-D8B1-4188-BF92-4EA217811EA1}.Debug|Any CPU.ActiveCfg = Debug|Any CPU
		{80EB141A-D8B1-4188-BF92-4EA217811EA1}.Debug|Any CPU.Build.0 = Debug|Any CPU
		{80EB141A-D8B1-4188-BF92-4EA217811EA1}.Release|Any CPU.ActiveCfg = Release|Any CPU
		{80EB141A-D8B1-4188-BF92-4EA217811EA1}.Release|Any CPU.Build.0 = Release|Any CPU
	EndGlobalSection
	GlobalSection(SolutionProperties) = preSolution
		HideSolutionNode = FALSE
	EndGlobalSection
	GlobalSection(ExtensibilityGlobals) = postSolution
		SolutionGuid = {0E6A2A2E-5A27-4554-8D8C-991FD95741AF}
	EndGlobalSection
EndGlobal
